
Microsoft Visual Studio Solution File, Format Version 12.00
# Visual Studio Version 17
VisualStudioVersion = 17.11.35222.181
MinimumVisualStudioVersion = 10.0.40219.1
Project("{FAE04EC0-301F-11D3-BF4B-00C04F79EFBC}") = "MixtureOptimization", "MixtureOptimization.csproj", "{80F9993A-32F4-4AEC-88D7-BEA8F8F1BFA9}"
EndProject
Global
	GlobalSection(SolutionConfigurationPlatforms) = preSolution
		Debug|Any CPU = Debug|Any CPU
		Release|Any CPU = Release|Any CPU
	EndGlobalSection
	GlobalSection(ProjectConfigurationPlatforms) = postSolution
		{80F9993A-32F4-4AEC-88D7-BEA8F8F1BFA9}.Debug|Any CPU.ActiveCfg = Debug|Any CPU
		{80F9993A-32F4-4AEC-88D7-BEA8F8F1BFA9}.Debug|Any CPU.Build.0 = Debug|Any CPU
		{80F9993A-32F4-4AEC-88D7-BEA8F8F1BFA9}.Release|Any CPU.ActiveCfg = Release|Any CPU
		{80F9993A-32F4-4AEC-88D7-BEA8F8F1BFA9}.Release|Any CPU.Build.0 = Release|Any CPU
	EndGlobalSection
	GlobalSection(SolutionProperties) = preSolution
		HideSolutionNode = FALSE
	EndGlobalSection
	GlobalSection(ExtensibilityGlobals) = postSolution
		SolutionGuid = {DB42806B-07FF-4987-A304-6E7578D4EA4F}
	EndGlobalSection
EndGlobal
